
Microsoft Visual Studio Solution File, Format Version 12.00
Project("{FAE04EC0-301F-11D3-BF4B-00C04F79EFBC}") = "WhereIsMyMoney.API", "WhereIsMyMoney.API\WhereIsMyMoney.API.csproj", "{796D2B8A-24F6-4886-A2D1-FD2376D18F6D}"
EndProject
Project("{FAE04EC0-301F-11D3-BF4B-00C04F79EFBC}") = "WhereIsMyMoney.BLL", "WhereIsMyMoney.BLL\WhereIsMyMoney.BLL.csproj", "{7210D20B-AD5E-43F0-A792-3F2F3700E0C5}"
EndProject
Project("{FAE04EC0-301F-11D3-BF4B-00C04F79EFBC}") = "WhereIsMyMoney.DAL", "WhereIsMyMoney.DAL\WhereIsMyMoney.DAL.csproj", "{F70BC1EE-B568-4CA8-9C66-F25F30A28E80}"
EndProject
Project("{FAE04EC0-301F-11D3-BF4B-00C04F79EFBC}") = "WhereIsMyMoney.DomainModels", "WhereIsMyMoney.DomainModels\WhereIsMyMoney.DomainModels.csproj", "{83C540B9-D89F-4A77-A0BF-0E8525045DC2}"
EndProject
Project("{FAE04EC0-301F-11D3-BF4B-00C04F79EFBC}") = "WhereIsMyMoney.BLL.Abstraction", "WhereIsMyMoney.BLL.Abstraction\WhereIsMyMoney.BLL.Abstraction.csproj", "{93A93DEB-476D-4D24-8F58-5337ED242518}"
EndProject
Project("{2150E333-8FDC-42A3-9474-1A3956D46DE8}") = "UnitTests", "UnitTests", "{10988396-FE60-4BA3-9E23-8F39DB011AFF}"
EndProject
Project("{FAE04EC0-301F-11D3-BF4B-00C04F79EFBC}") = "WhereIsMyMoney.BLL.UnitTests", "WhereIsMyMoney.BLL.UnitTests\WhereIsMyMoney.BLL.UnitTests.csproj", "{02A61832-0D67-487F-B9AD-8C2524499C80}"
EndProject
Global
	GlobalSection(SolutionConfigurationPlatforms) = preSolution
		Debug|Any CPU = Debug|Any CPU
		Release|Any CPU = Release|Any CPU
	EndGlobalSection
	GlobalSection(ProjectConfigurationPlatforms) = postSolution
		{796D2B8A-24F6-4886-A2D1-FD2376D18F6D}.Debug|Any CPU.ActiveCfg = Debug|Any CPU
		{796D2B8A-24F6-4886-A2D1-FD2376D18F6D}.Debug|Any CPU.Build.0 = Debug|Any CPU
		{796D2B8A-24F6-4886-A2D1-FD2376D18F6D}.Release|Any CPU.ActiveCfg = Release|Any CPU
		{796D2B8A-24F6-4886-A2D1-FD2376D18F6D}.Release|Any CPU.Build.0 = Release|Any CPU
		{7210D20B-AD5E-43F0-A792-3F2F3700E0C5}.Debug|Any CPU.ActiveCfg = Debug|Any CPU
		{7210D20B-AD5E-43F0-A792-3F2F3700E0C5}.Debug|Any CPU.Build.0 = Debug|Any CPU
		{7210D20B-AD5E-43F0-A792-3F2F3700E0C5}.Release|Any CPU.ActiveCfg = Release|Any CPU
		{7210D20B-AD5E-43F0-A792-3F2F3700E0C5}.Release|Any CPU.Build.0 = Release|Any CPU
		{F70BC1EE-B568-4CA8-9C66-F25F30A28E80}.Debug|Any CPU.ActiveCfg = Debug|Any CPU
		{F70BC1EE-B568-4CA8-9C66-F25F30A28E80}.Debug|Any CPU.Build.0 = Debug|Any CPU
		{F70BC1EE-B568-4CA8-9C66-F25F30A28E80}.Release|Any CPU.ActiveCfg = Release|Any CPU
		{F70BC1EE-B568-4CA8-9C66-F25F30A28E80}.Release|Any CPU.Build.0 = Release|Any CPU
		{83C540B9-D89F-4A77-A0BF-0E8525045DC2}.Debug|Any CPU.ActiveCfg = Debug|Any CPU
		{83C540B9-D89F-4A77-A0BF-0E8525045DC2}.Debug|Any CPU.Build.0 = Debug|Any CPU
		{83C540B9-D89F-4A77-A0BF-0E8525045DC2}.Release|Any CPU.ActiveCfg = Release|Any CPU
		{83C540B9-D89F-4A77-A0BF-0E8525045DC2}.Release|Any CPU.Build.0 = Release|Any CPU
		{93A93DEB-476D-4D24-8F58-5337ED242518}.Debug|Any CPU.ActiveCfg = Debug|Any CPU
		{93A93DEB-476D-4D24-8F58-5337ED242518}.Debug|Any CPU.Build.0 = Debug|Any CPU
		{93A93DEB-476D-4D24-8F58-5337ED242518}.Release|Any CPU.ActiveCfg = Release|Any CPU
		{93A93DEB-476D-4D24-8F58-5337ED242518}.Release|Any CPU.Build.0 = Release|Any CPU
		{02A61832-0D67-487F-B9AD-8C2524499C80}.Debug|Any CPU.ActiveCfg = Debug|Any CPU
		{02A61832-0D67-487F-B9AD-8C2524499C80}.Debug|Any CPU.Build.0 = Debug|Any CPU
		{02A61832-0D67-487F-B9AD-8C2524499C80}.Release|Any CPU.ActiveCfg = Release|Any CPU
		{02A61832-0D67-487F-B9AD-8C2524499C80}.Release|Any CPU.Build.0 = Release|Any CPU
	EndGlobalSection
	GlobalSection(NestedProjects) = preSolution
		{02A61832-0D67-487F-B9AD-8C2524499C80} = {10988396-FE60-4BA3-9E23-8F39DB011AFF}
	EndGlobalSection
EndGlobal
